{
  "name": "dnsa",
  "version": "1.0.0",
  "lockfileVersion": 1,
  "requires": true,
  "dependencies": {
    "arg": {
      "version": "5.0.0",
      "resolved": "https://registry.npm.taobao.org/arg/download/arg-5.0.0.tgz?cache=0&sync_timestamp=1605575011090&other_urls=https%3A%2F%2Fregistry.npm.taobao.org%2Farg%2Fdownload%2Farg-5.0.0.tgz",
      "integrity": "sha1-og4rtXEOgpUKUWs/kz/uXtR4vpA="
    }
  }
}
