{
  "requires": true,
  "lockfileVersion": 1,
  "dependencies": {
    "debug": {
      "version": "4.1.1",
      "resolved": "https://registry.npm.taobao.org/debug/download/debug-4.1.1.tgz?cache=0&other_urls=https%3A%2F%2Fregistry.npm.taobao.org%2Fdebug%2Fdownload%2Fdebug-4.1.1.tgz",
      "requires": {
        "ms": "^2.1.1"
      },
      "dependencies": {
        "ms": {
          "version": "2.1.2",
          "bundled": true
        }
      }
    },
    "events": {
      "version": "file:https:/registry.npm.taobao.org/events/download/events-3.0.0.tgz"
    },
    "jssip": {
      "version": "file:https:/registry.npm.taobao.org/jssip/download/jssip-3.3.6.tgz",
      "requires": {
        "debug": "^4.1.1",
        "events": "^3.0.0",
        "sdp-transform": "^2.7.0"
      },
      "dependencies": {
        "debug": {
          "version": "4.1.1",
          "resolved": "https://registry.npm.taobao.org/debug/download/debug-4.1.1.tgz?cache=0&other_urls=https%3A%2F%2Fregistry.npm.taobao.org%2Fdebug%2Fdownload%2Fdebug-4.1.1.tgz",
          "requires": {
            "ms": "^2.1.1"
          },
          "dependencies": {
            "ms": {
              "version": "2.1.2",
              "bundled": true
            }
          }
        },
        "events": {
          "version": "3.0.0",
          "resolved": "https://registry.npm.taobao.org/events/download/events-3.0.0.tgz"
        },
        "sdp-transform": {
          "version": "2.11.0",
          "resolved": "https://registry.npm.taobao.org/sdp-transform/download/sdp-transform-2.11.0.tgz"
        }
      }
    },
    "jssip-emicnet": {
      "version": "1.2.3",
      "resolved": "https://registry.npmjs.org/jssip-emicnet/-/jssip-emicnet-1.2.3.tgz",
      "integrity": "sha512-ajFwd48kFNC1hruz0GFrHQ8BySOA8t61i+37Mnbzg9MhVlZqebZcAxGty567hMJzEqcx4UKQkhP/4NSAR4zZxQ==",
      "requires": {
        "jssip": "^3.3.6",
        "spark-md5": "^3.0.0"
      },
      "dependencies": {
        "events": {
          "version": "3.0.0",
          "resolved": "https://registry.npmjs.org/events/-/events-3.0.0.tgz",
          "integrity": "sha512-Dc381HFWJzEOhQ+d8pkNon++bk9h6cdAoAj4iE6Q4y6xgTzySWXlKn05/TVNpjnfRqi/X0EpJEJohPjNI3zpVA=="
        },
        "jssip": {
          "version": "3.3.6",
          "resolved": "https://registry.npmjs.org/jssip/-/jssip-3.3.6.tgz",
          "integrity": "sha512-kyLxEQ7GBVlEi1PIWToAob7mH8WPtdUE51382vtjYC4ZUEa6qCXB4i9EwysX2bvpJUPbieZ1UPY8C6tLXQeBbA==",
          "requires": {
            "debug": "^4.1.1",
            "events": "^3.0.0",
            "sdp-transform": "^2.7.0"
          }
        },
        "sdp-transform": {
          "version": "2.11.0",
          "resolved": "https://registry.npmjs.org/sdp-transform/-/sdp-transform-2.11.0.tgz",
          "integrity": "sha512-8sAs/UQ0kXBhKCQQYIK/d7A9DNz+9KPEEpVG10yMlM+s6GMwje41WwW4J3ECF1e1ydMW6QvDpiiFoKpOy7s0WQ=="
        },
        "spark-md5": {
          "version": "3.0.0",
          "resolved": "https://registry.npmjs.org/spark-md5/-/spark-md5-3.0.0.tgz",
          "integrity": "sha1-NyIifFTi+vJLHcbZM8wUTm9xv+8="
        }
      }
    },
    "ms": {
      "version": "2.1.2",
      "resolved": "https://registry.npm.taobao.org/ms/download/ms-2.1.2.tgz"
    },
    "sdp-transform": {
      "version": "file:https:/registry.npm.taobao.org/sdp-transform/download/sdp-transform-2.11.0.tgz"
    },
    "spark-md5": {
      "version": "file:https:/registry.npm.taobao.org/spark-md5/download/spark-md5-3.0.0.tgz"
    }
  }
}
